
Microsoft Visual Studio Solution File, Format Version 12.00
# Visual Studio Version 16
VisualStudioVersion = 16.0.31321.278
MinimumVisualStudioVersion = 10.0.40219.1
Project("{FAE04EC0-301F-11D3-BF4B-00C04F79EFBC}") = "ASM9", "ASM9.csproj", "{43D31E71-ADE3-4C1C-9A15-25E4B3EE61A9}"
EndProject
Global
	GlobalSection(SolutionConfigurationPlatforms) = preSolution
		Debug|Any CPU = Debug|Any CPU
		Release|Any CPU = Release|Any CPU
	EndGlobalSection
	GlobalSection(ProjectConfigurationPlatforms) = postSolution
		{43D31E71-ADE3-4C1C-9A15-25E4B3EE61A9}.Debug|Any CPU.ActiveCfg = Debug|Any CPU
		{43D31E71-ADE3-4C1C-9A15-25E4B3EE61A9}.Debug|Any CPU.Build.0 = Debug|Any CPU
		{43D31E71-ADE3-4C1C-9A15-25E4B3EE61A9}.Release|Any CPU.ActiveCfg = Release|Any CPU
		{43D31E71-ADE3-4C1C-9A15-25E4B3EE61A9}.Release|Any CPU.Build.0 = Release|Any CPU
	EndGlobalSection
	GlobalSection(SolutionProperties) = preSolution
		HideSolutionNode = FALSE
	EndGlobalSection
	GlobalSection(ExtensibilityGlobals) = postSolution
		SolutionGuid = {C959FECC-C4E0-44D8-964F-A0DD55750527}
	EndGlobalSection
EndGlobal
